
Microsoft Visual Studio Solution File, Format Version 12.00
# Visual Studio Version 17
VisualStudioVersion = 17.1.32319.34
MinimumVisualStudioVersion = 10.0.40219.1
Project("{FAE04EC0-301F-11D3-BF4B-00C04F79EFBC}") = "TugasPBO_outref", "TugasPBO_outref.csproj", "{FEF9324D-D6E3-40D4-BEDA-8FA21DECF2CD}"
EndProject
Global
	GlobalSection(SolutionConfigurationPlatforms) = preSolution
		Debug|Any CPU = Debug|Any CPU
		Release|Any CPU = Release|Any CPU
	EndGlobalSection
	GlobalSection(ProjectConfigurationPlatforms) = postSolution
		{FEF9324D-D6E3-40D4-BEDA-8FA21DECF2CD}.Debug|Any CPU.ActiveCfg = Debug|Any CPU
		{FEF9324D-D6E3-40D4-BEDA-8FA21DECF2CD}.Debug|Any CPU.Build.0 = Debug|Any CPU
		{FEF9324D-D6E3-40D4-BEDA-8FA21DECF2CD}.Release|Any CPU.ActiveCfg = Release|Any CPU
		{FEF9324D-D6E3-40D4-BEDA-8FA21DECF2CD}.Release|Any CPU.Build.0 = Release|Any CPU
	EndGlobalSection
	GlobalSection(SolutionProperties) = preSolution
		HideSolutionNode = FALSE
	EndGlobalSection
	GlobalSection(ExtensibilityGlobals) = postSolution
		SolutionGuid = {7C02A44E-78E9-4A4C-8A9E-8CA2788BF05A}
	EndGlobalSection
EndGlobal
